// !$*UTF8*$!
{
	archiveVersion = 1;
	classes = {
	};
	objectVersion = 56;
	objects = {

/* Begin PBXBuildFile section */
		CB27033F2978169600943540 /* FlexibleBindingsReducer.swift in Sources */ = {isa = PBXBuildFile; fileRef = CB27031D2978169500943540 /* FlexibleBindingsReducer.swift */; };
		CB2703402978169600943540 /* FlexibleBindingsState.swift in Sources */ = {isa = PBXBuildFile; fileRef = CB27031F2978169500943540 /* FlexibleBindingsState.swift */; };
		CB2703412978169600943540 /* FlexibleBindingsAction.swift in Sources */ = {isa = PBXBuildFile; fileRef = CB2703212978169600943540 /* FlexibleBindingsAction.swift */; };
		CB2703422978169600943540 /* FocusStateReducer.swift in Sources */ = {isa = PBXBuildFile; fileRef = CB2703242978169600943540 /* FocusStateReducer.swift */; };
		CB2703432978169600943540 /* FocusStateState.swift in Sources */ = {isa = PBXBuildFile; fileRef = CB2703262978169600943540 /* FocusStateState.swift */; };
		CB2703442978169600943540 /* FocusStateAction.swift in Sources */ = {isa = PBXBuildFile; fileRef = CB2703282978169600943540 /* FocusStateAction.swift */; };
		CB2703452978169600943540 /* SimpleBindingsReducer.swift in Sources */ = {isa = PBXBuildFile; fileRef = CB27032B2978169600943540 /* SimpleBindingsReducer.swift */; };
		CB2703472978169600943540 /* SimpleBindingsState.swift in Sources */ = {isa = PBXBuildFile; fileRef = CB27032E2978169600943540 /* SimpleBindingsState.swift */; };
		CB2703482978169600943540 /* SimpleBindingsAction.swift in Sources */ = {isa = PBXBuildFile; fileRef = CB2703302978169600943540 /* SimpleBindingsAction.swift */; };
		CB2703492978169600943540 /* AlertAndSheetReducer.swift in Sources */ = {isa = PBXBuildFile; fileRef = CB2703332978169600943540 /* AlertAndSheetReducer.swift */; };
		CB27034A2978169600943540 /* AlertAndSheetState.swift in Sources */ = {isa = PBXBuildFile; fileRef = CB2703352978169600943540 /* AlertAndSheetState.swift */; };
		CB27034B2978169600943540 /* AlertAndSheetAction.swift in Sources */ = {isa = PBXBuildFile; fileRef = CB2703372978169600943540 /* AlertAndSheetAction.swift */; };
		CB27034C2978169600943540 /* SimpleOptionalReducer.swift in Sources */ = {isa = PBXBuildFile; fileRef = CB27033A2978169600943540 /* SimpleOptionalReducer.swift */; };
		CB27034D2978169600943540 /* SimpleOptionalState.swift in Sources */ = {isa = PBXBuildFile; fileRef = CB27033C2978169600943540 /* SimpleOptionalState.swift */; };
		CB27034E2978169600943540 /* SimpleOptionalAction.swift in Sources */ = {isa = PBXBuildFile; fileRef = CB27033E2978169600943540 /* SimpleOptionalAction.swift */; };
		CB2703552978173500943540 /* AlertAndSheetView.swift in Sources */ = {isa = PBXBuildFile; fileRef = CB2703542978173500943540 /* AlertAndSheetView.swift */; };
		CB2703572978177300943540 /* FlexibleBindingsView.swift in Sources */ = {isa = PBXBuildFile; fileRef = CB2703562978177300943540 /* FlexibleBindingsView.swift */; };
		CB2703592978179400943540 /* FocusStateView.swift in Sources */ = {isa = PBXBuildFile; fileRef = CB2703582978179400943540 /* FocusStateView.swift */; };
		CB27035B297817AA00943540 /* SimpleBindingsView.swift in Sources */ = {isa = PBXBuildFile; fileRef = CB27035A297817AA00943540 /* SimpleBindingsView.swift */; };
		CB27035D297817D900943540 /* SimpleOptionalView.swift in Sources */ = {isa = PBXBuildFile; fileRef = CB27035C297817D900943540 /* SimpleOptionalView.swift */; };
		CB2703662979235600943540 /* SimpleEffectReducer.swift in Sources */ = {isa = PBXBuildFile; fileRef = CB2703612979235600943540 /* SimpleEffectReducer.swift */; };
		CB2703672979235600943540 /* SimpleEffectState.swift in Sources */ = {isa = PBXBuildFile; fileRef = CB2703632979235600943540 /* SimpleEffectState.swift */; };
		CB2703682979235600943540 /* SimpleEffectAction.swift in Sources */ = {isa = PBXBuildFile; fileRef = CB2703652979235600943540 /* SimpleEffectAction.swift */; };
		CB27036B297923E700943540 /* SimpleEffectView.swift in Sources */ = {isa = PBXBuildFile; fileRef = CB27036A297923E700943540 /* SimpleEffectView.swift */; };
		CB270374297931D900943540 /* EffectCancellationReducer.swift in Sources */ = {isa = PBXBuildFile; fileRef = CB27036F297931D900943540 /* EffectCancellationReducer.swift */; };
		CB270375297931D900943540 /* EffectCancellationState.swift in Sources */ = {isa = PBXBuildFile; fileRef = CB270371297931D900943540 /* EffectCancellationState.swift */; };
		CB270376297931D900943540 /* EffectCancellationAction.swift in Sources */ = {isa = PBXBuildFile; fileRef = CB270373297931D900943540 /* EffectCancellationAction.swift */; };
		CB270379297932A300943540 /* EffectCancellationView.swift in Sources */ = {isa = PBXBuildFile; fileRef = CB270378297932A300943540 /* EffectCancellationView.swift */; };
		DEBD8CEC29755F3700E6FE89 /* TCA in Frameworks */ = {isa = PBXBuildFile; productRef = DEBD8CEB29755F3700E6FE89 /* TCA */; };
		DEBD8D032975652F00E6FE89 /* CounterFeature.swift in Sources */ = {isa = PBXBuildFile; fileRef = DEBD8CF72975652F00E6FE89 /* CounterFeature.swift */; };
		DEBD8D042975652F00E6FE89 /* CounterState.swift in Sources */ = {isa = PBXBuildFile; fileRef = DEBD8CF92975652F00E6FE89 /* CounterState.swift */; };
		DEBD8D052975652F00E6FE89 /* CounterAction.swift in Sources */ = {isa = PBXBuildFile; fileRef = DEBD8CFB2975652F00E6FE89 /* CounterAction.swift */; };
		DEBD8D062975652F00E6FE89 /* StepperView.swift in Sources */ = {isa = PBXBuildFile; fileRef = DEBD8CFD2975652F00E6FE89 /* StepperView.swift */; };
		DEBD8D072975652F00E6FE89 /* CounterExampleView.swift in Sources */ = {isa = PBXBuildFile; fileRef = DEBD8CFE2975652F00E6FE89 /* CounterExampleView.swift */; };
		DEBD8D082975652F00E6FE89 /* SimpleCounterView.swift in Sources */ = {isa = PBXBuildFile; fileRef = DEBD8CFF2975652F00E6FE89 /* SimpleCounterView.swift */; };
		DEBD8D142975690500E6FE89 /* MainFeature.swift in Sources */ = {isa = PBXBuildFile; fileRef = DEBD8D0D2975690500E6FE89 /* MainFeature.swift */; };
		DEBD8D152975690500E6FE89 /* MainState.swift in Sources */ = {isa = PBXBuildFile; fileRef = DEBD8D0F2975690500E6FE89 /* MainState.swift */; };
		DEBD8D162975690500E6FE89 /* MainAction.swift in Sources */ = {isa = PBXBuildFile; fileRef = DEBD8D112975690500E6FE89 /* MainAction.swift */; };
		DEBD8D2E2975697600E6FE89 /* MainView.swift in Sources */ = {isa = PBXBuildFile; fileRef = DEBD8D2D2975697600E6FE89 /* MainView.swift */; };
		DEBD8D3B2975824000E6FE89 /* DoubleCounterFeature.swift in Sources */ = {isa = PBXBuildFile; fileRef = DEBD8D352975824000E6FE89 /* DoubleCounterFeature.swift */; };
		DEBD8D3C2975824000E6FE89 /* DoubleCounterState.swift in Sources */ = {isa = PBXBuildFile; fileRef = DEBD8D372975824000E6FE89 /* DoubleCounterState.swift */; };
		DEBD8D3D2975824000E6FE89 /* DoubleCounterAction.swift in Sources */ = {isa = PBXBuildFile; fileRef = DEBD8D392975824000E6FE89 /* DoubleCounterAction.swift */; };
		DEBD8D3F2975828300E6FE89 /* DoubleCounterView.swift in Sources */ = {isa = PBXBuildFile; fileRef = DEBD8D3E2975828300E6FE89 /* DoubleCounterView.swift */; };
		DEBD8D48297586F000E6FE89 /* AnalyzableCounterFeature.swift in Sources */ = {isa = PBXBuildFile; fileRef = DEBD8D42297586EF00E6FE89 /* AnalyzableCounterFeature.swift */; };
		DEBD8D49297586F000E6FE89 /* AnalyzableCounterState.swift in Sources */ = {isa = PBXBuildFile; fileRef = DEBD8D44297586EF00E6FE89 /* AnalyzableCounterState.swift */; };
		DEBD8D4A297586F000E6FE89 /* AnalyzableCounterAction.swift in Sources */ = {isa = PBXBuildFile; fileRef = DEBD8D46297586F000E6FE89 /* AnalyzableCounterAction.swift */; };
		DEBD8D4C2975870C00E6FE89 /* AnalyzableCounterView.swift in Sources */ = {isa = PBXBuildFile; fileRef = DEBD8D4B2975870C00E6FE89 /* AnalyzableCounterView.swift */; };
		DEBD8D5529758A6D00E6FE89 /* FibonacciCounterFeature.swift in Sources */ = {isa = PBXBuildFile; fileRef = DEBD8D4F29758A6D00E6FE89 /* FibonacciCounterFeature.swift */; };
		DEBD8D5629758A6D00E6FE89 /* FibonacciCounterState.swift in Sources */ = {isa = PBXBuildFile; fileRef = DEBD8D5129758A6D00E6FE89 /* FibonacciCounterState.swift */; };
		DEBD8D5729758A6D00E6FE89 /* FibonacciCounterAction.swift in Sources */ = {isa = PBXBuildFile; fileRef = DEBD8D5329758A6D00E6FE89 /* FibonacciCounterAction.swift */; };
		DEBD8D5929758A9100E6FE89 /* FibonacciCounterView.swift in Sources */ = {isa = PBXBuildFile; fileRef = DEBD8D5829758A9100E6FE89 /* FibonacciCounterView.swift */; };
		DEBD8D622975A43F00E6FE89 /* ScramblerFeature.swift in Sources */ = {isa = PBXBuildFile; fileRef = DEBD8D5C2975A43F00E6FE89 /* ScramblerFeature.swift */; };
		DEBD8D632975A43F00E6FE89 /* ScramblerState.swift in Sources */ = {isa = PBXBuildFile; fileRef = DEBD8D5E2975A43F00E6FE89 /* ScramblerState.swift */; };
		DEBD8D642975A43F00E6FE89 /* ScramblerAction.swift in Sources */ = {isa = PBXBuildFile; fileRef = DEBD8D602975A43F00E6FE89 /* ScramblerAction.swift */; };
		DEBD8D662975A46700E6FE89 /* ScramblerView.swift in Sources */ = {isa = PBXBuildFile; fileRef = DEBD8D652975A46700E6FE89 /* ScramblerView.swift */; };
		DEEDB7052970628300CB20F3 /* TCAUniversitySwiftUIApp.swift in Sources */ = {isa = PBXBuildFile; fileRef = DEEDB7042970628300CB20F3 /* TCAUniversitySwiftUIApp.swift */; };
		DEEDB7072970628300CB20F3 /* ContentView.swift in Sources */ = {isa = PBXBuildFile; fileRef = DEEDB7062970628300CB20F3 /* ContentView.swift */; };
		DEEDB7092970628400CB20F3 /* Assets.xcassets in Resources */ = {isa = PBXBuildFile; fileRef = DEEDB7082970628400CB20F3 /* Assets.xcassets */; };
		DEEDB70C2970628400CB20F3 /* Preview Assets.xcassets in Resources */ = {isa = PBXBuildFile; fileRef = DEEDB70B2970628400CB20F3 /* Preview Assets.xcassets */; };
		DEEDB719297062F700CB20F3 /* Palette.swift in Sources */ = {isa = PBXBuildFile; fileRef = DEEDB714297062F700CB20F3 /* Palette.swift */; };
		DEEDB71A297062F700CB20F3 /* User.swift in Sources */ = {isa = PBXBuildFile; fileRef = DEEDB715297062F700CB20F3 /* User.swift */; };
		DEEDB71B297062F700CB20F3 /* Book.swift in Sources */ = {isa = PBXBuildFile; fileRef = DEEDB716297062F700CB20F3 /* Book.swift */; };
		DEEDB71C297062F700CB20F3 /* LoremPicsumImage.swift in Sources */ = {isa = PBXBuildFile; fileRef = DEEDB717297062F700CB20F3 /* LoremPicsumImage.swift */; };
		DEEDB71D297062F700CB20F3 /* News.swift in Sources */ = {isa = PBXBuildFile; fileRef = DEEDB718297062F700CB20F3 /* News.swift */; };
		DEEDB7392970707800CB20F3 /* String.swift in Sources */ = {isa = PBXBuildFile; fileRef = DEEDB7382970707800CB20F3 /* String.swift */; };
		DEEDB7592970708F00CB20F3 /* PaletteServiceImplementation.swift in Sources */ = {isa = PBXBuildFile; fileRef = DEEDB7452970708F00CB20F3 /* PaletteServiceImplementation.swift */; };
		DEEDB75A2970708F00CB20F3 /* PaletteService.swift in Sources */ = {isa = PBXBuildFile; fileRef = DEEDB7462970708F00CB20F3 /* PaletteService.swift */; };
		DEEDB75B2970708F00CB20F3 /* ImageService.swift in Sources */ = {isa = PBXBuildFile; fileRef = DEEDB7482970708F00CB20F3 /* ImageService.swift */; };
		DEEDB75C2970708F00CB20F3 /* ImageServiceImplementation.swift in Sources */ = {isa = PBXBuildFile; fileRef = DEEDB7492970708F00CB20F3 /* ImageServiceImplementation.swift */; };
		DEEDB75D2970708F00CB20F3 /* BookService.swift in Sources */ = {isa = PBXBuildFile; fileRef = DEEDB74B2970708F00CB20F3 /* BookService.swift */; };
		DEEDB75E2970708F00CB20F3 /* BookServiceImplementation.swift in Sources */ = {isa = PBXBuildFile; fileRef = DEEDB74C2970708F00CB20F3 /* BookServiceImplementation.swift */; };
		DEEDB75F2970708F00CB20F3 /* ScrambleService.swift in Sources */ = {isa = PBXBuildFile; fileRef = DEEDB74E2970708F00CB20F3 /* ScrambleService.swift */; };
		DEEDB7602970708F00CB20F3 /* ScrambleServiceImplementation.swift in Sources */ = {isa = PBXBuildFile; fileRef = DEEDB74F2970708F00CB20F3 /* ScrambleServiceImplementation.swift */; };
		DEEDB7612970708F00CB20F3 /* UserService.swift in Sources */ = {isa = PBXBuildFile; fileRef = DEEDB7512970708F00CB20F3 /* UserService.swift */; };
		DEEDB7622970708F00CB20F3 /* UserServiceImplementation.swift in Sources */ = {isa = PBXBuildFile; fileRef = DEEDB7522970708F00CB20F3 /* UserServiceImplementation.swift */; };
		DEEDB7632970708F00CB20F3 /* NewsServiceImplementation.swift in Sources */ = {isa = PBXBuildFile; fileRef = DEEDB7542970708F00CB20F3 /* NewsServiceImplementation.swift */; };
		DEEDB7642970708F00CB20F3 /* NewsService.swift in Sources */ = {isa = PBXBuildFile; fileRef = DEEDB7552970708F00CB20F3 /* NewsService.swift */; };
		DEEDB7652970708F00CB20F3 /* NumberFactService.swift in Sources */ = {isa = PBXBuildFile; fileRef = DEEDB7572970708F00CB20F3 /* NumberFactService.swift */; };
		DEEDB7662970708F00CB20F3 /* NumberFactServiceImplementation.swift in Sources */ = {isa = PBXBuildFile; fileRef = DEEDB7582970708F00CB20F3 /* NumberFactServiceImplementation.swift */; };
		DEEDB7C72970718800CB20F3 /* Unifont.swift in Sources */ = {isa = PBXBuildFile; fileRef = DEEDB7B32970718800CB20F3 /* Unifont.swift */; };
		DEEDB7C82970718800CB20F3 /* CGFloat.swift in Sources */ = {isa = PBXBuildFile; fileRef = DEEDB7B52970718800CB20F3 /* CGFloat.swift */; };
		DEEDB7C92970718800CB20F3 /* Text.swift in Sources */ = {isa = PBXBuildFile; fileRef = DEEDB7B62970718800CB20F3 /* Text.swift */; };
		DEEDB7CA2970718800CB20F3 /* Color.swift in Sources */ = {isa = PBXBuildFile; fileRef = DEEDB7B72970718800CB20F3 /* Color.swift */; };
		DEEDB7CB2970718800CB20F3 /* BlurView.swift in Sources */ = {isa = PBXBuildFile; fileRef = DEEDB7C32970718800CB20F3 /* BlurView.swift */; };
		DEEDB7CC2970718800CB20F3 /* ActivityIndicator.swift in Sources */ = {isa = PBXBuildFile; fileRef = DEEDB7C42970718800CB20F3 /* ActivityIndicator.swift */; };
		DEEDB7CD2970718800CB20F3 /* ProgressRingView.swift in Sources */ = {isa = PBXBuildFile; fileRef = DEEDB7C52970718800CB20F3 /* ProgressRingView.swift */; };
		DEEDB7CE2970718800CB20F3 /* UIViewRepresented.swift in Sources */ = {isa = PBXBuildFile; fileRef = DEEDB7C62970718800CB20F3 /* UIViewRepresented.swift */; };
/* End PBXBuildFile section */

/* Begin PBXFileReference section */
		CB27031D2978169500943540 /* FlexibleBindingsReducer.swift */ = {isa = PBXFileReference; fileEncoding = 4; lastKnownFileType = sourcecode.swift; path = FlexibleBindingsReducer.swift; sourceTree = "<group>"; };
		CB27031F2978169500943540 /* FlexibleBindingsState.swift */ = {isa = PBXFileReference; fileEncoding = 4; lastKnownFileType = sourcecode.swift; path = FlexibleBindingsState.swift; sourceTree = "<group>"; };
		CB2703212978169600943540 /* FlexibleBindingsAction.swift */ = {isa = PBXFileReference; fileEncoding = 4; lastKnownFileType = sourcecode.swift; path = FlexibleBindingsAction.swift; sourceTree = "<group>"; };
		CB2703242978169600943540 /* FocusStateReducer.swift */ = {isa = PBXFileReference; fileEncoding = 4; lastKnownFileType = sourcecode.swift; path = FocusStateReducer.swift; sourceTree = "<group>"; };
		CB2703262978169600943540 /* FocusStateState.swift */ = {isa = PBXFileReference; fileEncoding = 4; lastKnownFileType = sourcecode.swift; path = FocusStateState.swift; sourceTree = "<group>"; };
		CB2703282978169600943540 /* FocusStateAction.swift */ = {isa = PBXFileReference; fileEncoding = 4; lastKnownFileType = sourcecode.swift; path = FocusStateAction.swift; sourceTree = "<group>"; };
		CB27032B2978169600943540 /* SimpleBindingsReducer.swift */ = {isa = PBXFileReference; fileEncoding = 4; lastKnownFileType = sourcecode.swift; path = SimpleBindingsReducer.swift; sourceTree = "<group>"; };
		CB27032E2978169600943540 /* SimpleBindingsState.swift */ = {isa = PBXFileReference; fileEncoding = 4; lastKnownFileType = sourcecode.swift; path = SimpleBindingsState.swift; sourceTree = "<group>"; };
		CB2703302978169600943540 /* SimpleBindingsAction.swift */ = {isa = PBXFileReference; fileEncoding = 4; lastKnownFileType = sourcecode.swift; path = SimpleBindingsAction.swift; sourceTree = "<group>"; };
		CB2703332978169600943540 /* AlertAndSheetReducer.swift */ = {isa = PBXFileReference; fileEncoding = 4; lastKnownFileType = sourcecode.swift; path = AlertAndSheetReducer.swift; sourceTree = "<group>"; };
		CB2703352978169600943540 /* AlertAndSheetState.swift */ = {isa = PBXFileReference; fileEncoding = 4; lastKnownFileType = sourcecode.swift; path = AlertAndSheetState.swift; sourceTree = "<group>"; };
		CB2703372978169600943540 /* AlertAndSheetAction.swift */ = {isa = PBXFileReference; fileEncoding = 4; lastKnownFileType = sourcecode.swift; path = AlertAndSheetAction.swift; sourceTree = "<group>"; };
		CB27033A2978169600943540 /* SimpleOptionalReducer.swift */ = {isa = PBXFileReference; fileEncoding = 4; lastKnownFileType = sourcecode.swift; path = SimpleOptionalReducer.swift; sourceTree = "<group>"; };
		CB27033C2978169600943540 /* SimpleOptionalState.swift */ = {isa = PBXFileReference; fileEncoding = 4; lastKnownFileType = sourcecode.swift; path = SimpleOptionalState.swift; sourceTree = "<group>"; };
		CB27033E2978169600943540 /* SimpleOptionalAction.swift */ = {isa = PBXFileReference; fileEncoding = 4; lastKnownFileType = sourcecode.swift; path = SimpleOptionalAction.swift; sourceTree = "<group>"; };
		CB2703542978173500943540 /* AlertAndSheetView.swift */ = {isa = PBXFileReference; fileEncoding = 4; lastKnownFileType = sourcecode.swift; name = AlertAndSheetView.swift; path = "tca-university-swiftui/ExampleViews/AlertAndSheetView.swift"; sourceTree = SOURCE_ROOT; };
		CB2703562978177300943540 /* FlexibleBindingsView.swift */ = {isa = PBXFileReference; fileEncoding = 4; lastKnownFileType = sourcecode.swift; name = FlexibleBindingsView.swift; path = "tca-university-swiftui/ExampleViews/FlexibleBindingsView.swift"; sourceTree = SOURCE_ROOT; };
		CB2703582978179400943540 /* FocusStateView.swift */ = {isa = PBXFileReference; fileEncoding = 4; lastKnownFileType = sourcecode.swift; name = FocusStateView.swift; path = "tca-university-swiftui/ExampleViews/FocusStateView.swift"; sourceTree = SOURCE_ROOT; };
		CB27035A297817AA00943540 /* SimpleBindingsView.swift */ = {isa = PBXFileReference; fileEncoding = 4; lastKnownFileType = sourcecode.swift; name = SimpleBindingsView.swift; path = "tca-university-swiftui/ExampleViews/SimpleBindingsView.swift"; sourceTree = SOURCE_ROOT; };
		CB27035C297817D900943540 /* SimpleOptionalView.swift */ = {isa = PBXFileReference; fileEncoding = 4; lastKnownFileType = sourcecode.swift; name = SimpleOptionalView.swift; path = "tca-university-swiftui/ExampleViews/SimpleOptionalView.swift"; sourceTree = SOURCE_ROOT; };
		CB2703612979235600943540 /* SimpleEffectReducer.swift */ = {isa = PBXFileReference; fileEncoding = 4; lastKnownFileType = sourcecode.swift; path = SimpleEffectReducer.swift; sourceTree = "<group>"; };
		CB2703632979235600943540 /* SimpleEffectState.swift */ = {isa = PBXFileReference; fileEncoding = 4; lastKnownFileType = sourcecode.swift; path = SimpleEffectState.swift; sourceTree = "<group>"; };
		CB2703652979235600943540 /* SimpleEffectAction.swift */ = {isa = PBXFileReference; fileEncoding = 4; lastKnownFileType = sourcecode.swift; path = SimpleEffectAction.swift; sourceTree = "<group>"; };
		CB27036A297923E700943540 /* SimpleEffectView.swift */ = {isa = PBXFileReference; fileEncoding = 4; lastKnownFileType = sourcecode.swift; name = SimpleEffectView.swift; path = "tca-university-swiftui/ExampleViews/SimpleEffectView.swift"; sourceTree = SOURCE_ROOT; };
		CB27036C29792C6200943540 /* Info.plist */ = {isa = PBXFileReference; lastKnownFileType = text.plist; path = Info.plist; sourceTree = "<group>"; };
		CB27036F297931D900943540 /* EffectCancellationReducer.swift */ = {isa = PBXFileReference; fileEncoding = 4; lastKnownFileType = sourcecode.swift; path = EffectCancellationReducer.swift; sourceTree = "<group>"; };
		CB270371297931D900943540 /* EffectCancellationState.swift */ = {isa = PBXFileReference; fileEncoding = 4; lastKnownFileType = sourcecode.swift; path = EffectCancellationState.swift; sourceTree = "<group>"; };
		CB270373297931D900943540 /* EffectCancellationAction.swift */ = {isa = PBXFileReference; fileEncoding = 4; lastKnownFileType = sourcecode.swift; path = EffectCancellationAction.swift; sourceTree = "<group>"; };
		CB270378297932A300943540 /* EffectCancellationView.swift */ = {isa = PBXFileReference; fileEncoding = 4; lastKnownFileType = sourcecode.swift; name = EffectCancellationView.swift; path = "tca-university-swiftui/ExampleViews/EffectCancellationView.swift"; sourceTree = SOURCE_ROOT; };
		DEBD8CF72975652F00E6FE89 /* CounterFeature.swift */ = {isa = PBXFileReference; fileEncoding = 4; lastKnownFileType = sourcecode.swift; path = CounterFeature.swift; sourceTree = "<group>"; };
		DEBD8CF92975652F00E6FE89 /* CounterState.swift */ = {isa = PBXFileReference; fileEncoding = 4; lastKnownFileType = sourcecode.swift; path = CounterState.swift; sourceTree = "<group>"; };
		DEBD8CFB2975652F00E6FE89 /* CounterAction.swift */ = {isa = PBXFileReference; fileEncoding = 4; lastKnownFileType = sourcecode.swift; path = CounterAction.swift; sourceTree = "<group>"; };
		DEBD8CFD2975652F00E6FE89 /* StepperView.swift */ = {isa = PBXFileReference; fileEncoding = 4; lastKnownFileType = sourcecode.swift; path = StepperView.swift; sourceTree = "<group>"; };
		DEBD8CFE2975652F00E6FE89 /* CounterExampleView.swift */ = {isa = PBXFileReference; fileEncoding = 4; lastKnownFileType = sourcecode.swift; path = CounterExampleView.swift; sourceTree = "<group>"; };
		DEBD8CFF2975652F00E6FE89 /* SimpleCounterView.swift */ = {isa = PBXFileReference; fileEncoding = 4; lastKnownFileType = sourcecode.swift; path = SimpleCounterView.swift; sourceTree = "<group>"; };
		DEBD8D0D2975690500E6FE89 /* MainFeature.swift */ = {isa = PBXFileReference; fileEncoding = 4; lastKnownFileType = sourcecode.swift; path = MainFeature.swift; sourceTree = "<group>"; };
		DEBD8D0F2975690500E6FE89 /* MainState.swift */ = {isa = PBXFileReference; fileEncoding = 4; lastKnownFileType = sourcecode.swift; path = MainState.swift; sourceTree = "<group>"; };
		DEBD8D112975690500E6FE89 /* MainAction.swift */ = {isa = PBXFileReference; fileEncoding = 4; lastKnownFileType = sourcecode.swift; path = MainAction.swift; sourceTree = "<group>"; };
		DEBD8D2D2975697600E6FE89 /* MainView.swift */ = {isa = PBXFileReference; fileEncoding = 4; lastKnownFileType = sourcecode.swift; name = MainView.swift; path = "tca-university-swiftui/ExampleViews/MainView.swift"; sourceTree = SOURCE_ROOT; };
		DEBD8D352975824000E6FE89 /* DoubleCounterFeature.swift */ = {isa = PBXFileReference; fileEncoding = 4; lastKnownFileType = sourcecode.swift; path = DoubleCounterFeature.swift; sourceTree = "<group>"; };
		DEBD8D372975824000E6FE89 /* DoubleCounterState.swift */ = {isa = PBXFileReference; fileEncoding = 4; lastKnownFileType = sourcecode.swift; path = DoubleCounterState.swift; sourceTree = "<group>"; };
		DEBD8D392975824000E6FE89 /* DoubleCounterAction.swift */ = {isa = PBXFileReference; fileEncoding = 4; lastKnownFileType = sourcecode.swift; path = DoubleCounterAction.swift; sourceTree = "<group>"; };
		DEBD8D3E2975828300E6FE89 /* DoubleCounterView.swift */ = {isa = PBXFileReference; fileEncoding = 4; lastKnownFileType = sourcecode.swift; name = DoubleCounterView.swift; path = "tca-university-swiftui/ExampleViews/DoubleCounterView.swift"; sourceTree = SOURCE_ROOT; };
		DEBD8D42297586EF00E6FE89 /* AnalyzableCounterFeature.swift */ = {isa = PBXFileReference; fileEncoding = 4; lastKnownFileType = sourcecode.swift; path = AnalyzableCounterFeature.swift; sourceTree = "<group>"; };
		DEBD8D44297586EF00E6FE89 /* AnalyzableCounterState.swift */ = {isa = PBXFileReference; fileEncoding = 4; lastKnownFileType = sourcecode.swift; path = AnalyzableCounterState.swift; sourceTree = "<group>"; };
		DEBD8D46297586F000E6FE89 /* AnalyzableCounterAction.swift */ = {isa = PBXFileReference; fileEncoding = 4; lastKnownFileType = sourcecode.swift; path = AnalyzableCounterAction.swift; sourceTree = "<group>"; };
		DEBD8D4B2975870C00E6FE89 /* AnalyzableCounterView.swift */ = {isa = PBXFileReference; fileEncoding = 4; lastKnownFileType = sourcecode.swift; name = AnalyzableCounterView.swift; path = "tca-university-swiftui/ExampleViews/AnalyzableCounterView.swift"; sourceTree = SOURCE_ROOT; };
		DEBD8D4F29758A6D00E6FE89 /* FibonacciCounterFeature.swift */ = {isa = PBXFileReference; fileEncoding = 4; lastKnownFileType = sourcecode.swift; path = FibonacciCounterFeature.swift; sourceTree = "<group>"; };
		DEBD8D5129758A6D00E6FE89 /* FibonacciCounterState.swift */ = {isa = PBXFileReference; fileEncoding = 4; lastKnownFileType = sourcecode.swift; path = FibonacciCounterState.swift; sourceTree = "<group>"; };
		DEBD8D5329758A6D00E6FE89 /* FibonacciCounterAction.swift */ = {isa = PBXFileReference; fileEncoding = 4; lastKnownFileType = sourcecode.swift; path = FibonacciCounterAction.swift; sourceTree = "<group>"; };
		DEBD8D5829758A9100E6FE89 /* FibonacciCounterView.swift */ = {isa = PBXFileReference; fileEncoding = 4; lastKnownFileType = sourcecode.swift; name = FibonacciCounterView.swift; path = "tca-university-swiftui/ExampleViews/FibonacciCounterView.swift"; sourceTree = SOURCE_ROOT; };
		DEBD8D5C2975A43F00E6FE89 /* ScramblerFeature.swift */ = {isa = PBXFileReference; fileEncoding = 4; lastKnownFileType = sourcecode.swift; path = ScramblerFeature.swift; sourceTree = "<group>"; };
		DEBD8D5E2975A43F00E6FE89 /* ScramblerState.swift */ = {isa = PBXFileReference; fileEncoding = 4; lastKnownFileType = sourcecode.swift; path = ScramblerState.swift; sourceTree = "<group>"; };
		DEBD8D602975A43F00E6FE89 /* ScramblerAction.swift */ = {isa = PBXFileReference; fileEncoding = 4; lastKnownFileType = sourcecode.swift; path = ScramblerAction.swift; sourceTree = "<group>"; };
		DEBD8D652975A46700E6FE89 /* ScramblerView.swift */ = {isa = PBXFileReference; fileEncoding = 4; lastKnownFileType = sourcecode.swift; name = ScramblerView.swift; path = "tca-university-swiftui/ExampleViews/ScramblerView.swift"; sourceTree = SOURCE_ROOT; };
		DEEDB7012970628300CB20F3 /* tca-university-swiftui.app */ = {isa = PBXFileReference; explicitFileType = wrapper.application; includeInIndex = 0; path = "tca-university-swiftui.app"; sourceTree = BUILT_PRODUCTS_DIR; };
		DEEDB7042970628300CB20F3 /* TCAUniversitySwiftUIApp.swift */ = {isa = PBXFileReference; lastKnownFileType = sourcecode.swift; path = TCAUniversitySwiftUIApp.swift; sourceTree = "<group>"; };
		DEEDB7062970628300CB20F3 /* ContentView.swift */ = {isa = PBXFileReference; lastKnownFileType = sourcecode.swift; path = ContentView.swift; sourceTree = "<group>"; };
		DEEDB7082970628400CB20F3 /* Assets.xcassets */ = {isa = PBXFileReference; lastKnownFileType = folder.assetcatalog; path = Assets.xcassets; sourceTree = "<group>"; };
		DEEDB70B2970628400CB20F3 /* Preview Assets.xcassets */ = {isa = PBXFileReference; lastKnownFileType = folder.assetcatalog; path = "Preview Assets.xcassets"; sourceTree = "<group>"; };
		DEEDB714297062F700CB20F3 /* Palette.swift */ = {isa = PBXFileReference; fileEncoding = 4; lastKnownFileType = sourcecode.swift; path = Palette.swift; sourceTree = "<group>"; };
		DEEDB715297062F700CB20F3 /* User.swift */ = {isa = PBXFileReference; fileEncoding = 4; lastKnownFileType = sourcecode.swift; path = User.swift; sourceTree = "<group>"; };
		DEEDB716297062F700CB20F3 /* Book.swift */ = {isa = PBXFileReference; fileEncoding = 4; lastKnownFileType = sourcecode.swift; path = Book.swift; sourceTree = "<group>"; };
		DEEDB717297062F700CB20F3 /* LoremPicsumImage.swift */ = {isa = PBXFileReference; fileEncoding = 4; lastKnownFileType = sourcecode.swift; path = LoremPicsumImage.swift; sourceTree = "<group>"; };
		DEEDB718297062F700CB20F3 /* News.swift */ = {isa = PBXFileReference; fileEncoding = 4; lastKnownFileType = sourcecode.swift; path = News.swift; sourceTree = "<group>"; };
		DEEDB7382970707800CB20F3 /* String.swift */ = {isa = PBXFileReference; fileEncoding = 4; lastKnownFileType = sourcecode.swift; path = String.swift; sourceTree = "<group>"; };
		DEEDB7452970708F00CB20F3 /* PaletteServiceImplementation.swift */ = {isa = PBXFileReference; fileEncoding = 4; lastKnownFileType = sourcecode.swift; path = PaletteServiceImplementation.swift; sourceTree = "<group>"; };
		DEEDB7462970708F00CB20F3 /* PaletteService.swift */ = {isa = PBXFileReference; fileEncoding = 4; lastKnownFileType = sourcecode.swift; path = PaletteService.swift; sourceTree = "<group>"; };
		DEEDB7482970708F00CB20F3 /* ImageService.swift */ = {isa = PBXFileReference; fileEncoding = 4; lastKnownFileType = sourcecode.swift; path = ImageService.swift; sourceTree = "<group>"; };
		DEEDB7492970708F00CB20F3 /* ImageServiceImplementation.swift */ = {isa = PBXFileReference; fileEncoding = 4; lastKnownFileType = sourcecode.swift; path = ImageServiceImplementation.swift; sourceTree = "<group>"; };
		DEEDB74B2970708F00CB20F3 /* BookService.swift */ = {isa = PBXFileReference; fileEncoding = 4; lastKnownFileType = sourcecode.swift; path = BookService.swift; sourceTree = "<group>"; };
		DEEDB74C2970708F00CB20F3 /* BookServiceImplementation.swift */ = {isa = PBXFileReference; fileEncoding = 4; lastKnownFileType = sourcecode.swift; path = BookServiceImplementation.swift; sourceTree = "<group>"; };
		DEEDB74E2970708F00CB20F3 /* ScrambleService.swift */ = {isa = PBXFileReference; fileEncoding = 4; lastKnownFileType = sourcecode.swift; path = ScrambleService.swift; sourceTree = "<group>"; };
		DEEDB74F2970708F00CB20F3 /* ScrambleServiceImplementation.swift */ = {isa = PBXFileReference; fileEncoding = 4; lastKnownFileType = sourcecode.swift; path = ScrambleServiceImplementation.swift; sourceTree = "<group>"; };
		DEEDB7512970708F00CB20F3 /* UserService.swift */ = {isa = PBXFileReference; fileEncoding = 4; lastKnownFileType = sourcecode.swift; path = UserService.swift; sourceTree = "<group>"; };
		DEEDB7522970708F00CB20F3 /* UserServiceImplementation.swift */ = {isa = PBXFileReference; fileEncoding = 4; lastKnownFileType = sourcecode.swift; path = UserServiceImplementation.swift; sourceTree = "<group>"; };
		DEEDB7542970708F00CB20F3 /* NewsServiceImplementation.swift */ = {isa = PBXFileReference; fileEncoding = 4; lastKnownFileType = sourcecode.swift; path = NewsServiceImplementation.swift; sourceTree = "<group>"; };
		DEEDB7552970708F00CB20F3 /* NewsService.swift */ = {isa = PBXFileReference; fileEncoding = 4; lastKnownFileType = sourcecode.swift; path = NewsService.swift; sourceTree = "<group>"; };
		DEEDB7572970708F00CB20F3 /* NumberFactService.swift */ = {isa = PBXFileReference; fileEncoding = 4; lastKnownFileType = sourcecode.swift; path = NumberFactService.swift; sourceTree = "<group>"; };
		DEEDB7582970708F00CB20F3 /* NumberFactServiceImplementation.swift */ = {isa = PBXFileReference; fileEncoding = 4; lastKnownFileType = sourcecode.swift; path = NumberFactServiceImplementation.swift; sourceTree = "<group>"; };
		DEEDB7B32970718800CB20F3 /* Unifont.swift */ = {isa = PBXFileReference; fileEncoding = 4; lastKnownFileType = sourcecode.swift; path = Unifont.swift; sourceTree = "<group>"; };
		DEEDB7B52970718800CB20F3 /* CGFloat.swift */ = {isa = PBXFileReference; fileEncoding = 4; lastKnownFileType = sourcecode.swift; path = CGFloat.swift; sourceTree = "<group>"; };
		DEEDB7B62970718800CB20F3 /* Text.swift */ = {isa = PBXFileReference; fileEncoding = 4; lastKnownFileType = sourcecode.swift; path = Text.swift; sourceTree = "<group>"; };
		DEEDB7B72970718800CB20F3 /* Color.swift */ = {isa = PBXFileReference; fileEncoding = 4; lastKnownFileType = sourcecode.swift; path = Color.swift; sourceTree = "<group>"; };
		DEEDB7C32970718800CB20F3 /* BlurView.swift */ = {isa = PBXFileReference; fileEncoding = 4; lastKnownFileType = sourcecode.swift; path = BlurView.swift; sourceTree = "<group>"; };
		DEEDB7C42970718800CB20F3 /* ActivityIndicator.swift */ = {isa = PBXFileReference; fileEncoding = 4; lastKnownFileType = sourcecode.swift; path = ActivityIndicator.swift; sourceTree = "<group>"; };
		DEEDB7C52970718800CB20F3 /* ProgressRingView.swift */ = {isa = PBXFileReference; fileEncoding = 4; lastKnownFileType = sourcecode.swift; path = ProgressRingView.swift; sourceTree = "<group>"; };
		DEEDB7C62970718800CB20F3 /* UIViewRepresented.swift */ = {isa = PBXFileReference; fileEncoding = 4; lastKnownFileType = sourcecode.swift; path = UIViewRepresented.swift; sourceTree = "<group>"; };
/* End PBXFileReference section */

/* Begin PBXFrameworksBuildPhase section */
		DEEDB6FE2970628300CB20F3 /* Frameworks */ = {
			isa = PBXFrameworksBuildPhase;
			buildActionMask = 2147483647;
			files = (
				DEBD8CEC29755F3700E6FE89 /* TCA in Frameworks */,
			);
			runOnlyForDeploymentPostprocessing = 0;
		};
/* End PBXFrameworksBuildPhase section */

/* Begin PBXGroup section */
		CB27031B2978169500943540 /* FlexibleBindings */ = {
			isa = PBXGroup;
			children = (
				CB270350297816D600943540 /* View */,
				CB27031C2978169500943540 /* Reducer */,
				CB27031E2978169500943540 /* State */,
				CB2703202978169600943540 /* Action */,
			);
			path = FlexibleBindings;
			sourceTree = "<group>";
		};
		CB27031C2978169500943540 /* Reducer */ = {
			isa = PBXGroup;
			children = (
				CB27031D2978169500943540 /* FlexibleBindingsReducer.swift */,
			);
			path = Reducer;
			sourceTree = "<group>";
		};
		CB27031E2978169500943540 /* State */ = {
			isa = PBXGroup;
			children = (
				CB27031F2978169500943540 /* FlexibleBindingsState.swift */,
			);
			path = State;
			sourceTree = "<group>";
		};
		CB2703202978169600943540 /* Action */ = {
			isa = PBXGroup;
			children = (
				CB2703212978169600943540 /* FlexibleBindingsAction.swift */,
			);
			path = Action;
			sourceTree = "<group>";
		};
		CB2703222978169600943540 /* FocusState */ = {
			isa = PBXGroup;
			children = (
				CB270351297816DA00943540 /* View */,
				CB2703232978169600943540 /* Reducer */,
				CB2703252978169600943540 /* State */,
				CB2703272978169600943540 /* Action */,
			);
			path = FocusState;
			sourceTree = "<group>";
		};
		CB2703232978169600943540 /* Reducer */ = {
			isa = PBXGroup;
			children = (
				CB2703242978169600943540 /* FocusStateReducer.swift */,
			);
			path = Reducer;
			sourceTree = "<group>";
		};
		CB2703252978169600943540 /* State */ = {
			isa = PBXGroup;
			children = (
				CB2703262978169600943540 /* FocusStateState.swift */,
			);
			path = State;
			sourceTree = "<group>";
		};
		CB2703272978169600943540 /* Action */ = {
			isa = PBXGroup;
			children = (
				CB2703282978169600943540 /* FocusStateAction.swift */,
			);
			path = Action;
			sourceTree = "<group>";
		};
		CB2703292978169600943540 /* SimpleBindings */ = {
			isa = PBXGroup;
			children = (
				CB270352297816E200943540 /* View */,
				CB27032A2978169600943540 /* Reducer */,
				CB27032D2978169600943540 /* State */,
				CB27032F2978169600943540 /* Action */,
			);
			path = SimpleBindings;
			sourceTree = "<group>";
		};
		CB27032A2978169600943540 /* Reducer */ = {
			isa = PBXGroup;
			children = (
				CB27032B2978169600943540 /* SimpleBindingsReducer.swift */,
			);
			path = Reducer;
			sourceTree = "<group>";
		};
		CB27032D2978169600943540 /* State */ = {
			isa = PBXGroup;
			children = (
				CB27032E2978169600943540 /* SimpleBindingsState.swift */,
			);
			path = State;
			sourceTree = "<group>";
		};
		CB27032F2978169600943540 /* Action */ = {
			isa = PBXGroup;
			children = (
				CB2703302978169600943540 /* SimpleBindingsAction.swift */,
			);
			path = Action;
			sourceTree = "<group>";
		};
		CB2703312978169600943540 /* AlertAndSheet */ = {
			isa = PBXGroup;
			children = (
				CB27034F297816D000943540 /* View */,
				CB2703322978169600943540 /* Reducer */,
				CB2703342978169600943540 /* State */,
				CB2703362978169600943540 /* Action */,
			);
			path = AlertAndSheet;
			sourceTree = "<group>";
		};
		CB2703322978169600943540 /* Reducer */ = {
			isa = PBXGroup;
			children = (
				CB2703332978169600943540 /* AlertAndSheetReducer.swift */,
			);
			path = Reducer;
			sourceTree = "<group>";
		};
		CB2703342978169600943540 /* State */ = {
			isa = PBXGroup;
			children = (
				CB2703352978169600943540 /* AlertAndSheetState.swift */,
			);
			path = State;
			sourceTree = "<group>";
		};
		CB2703362978169600943540 /* Action */ = {
			isa = PBXGroup;
			children = (
				CB2703372978169600943540 /* AlertAndSheetAction.swift */,
			);
			path = Action;
			sourceTree = "<group>";
		};
		CB2703382978169600943540 /* SimpleOptional */ = {
			isa = PBXGroup;
			children = (
				CB270353297816E700943540 /* View */,
				CB2703392978169600943540 /* Reducer */,
				CB27033B2978169600943540 /* State */,
				CB27033D2978169600943540 /* Action */,
			);
			path = SimpleOptional;
			sourceTree = "<group>";
		};
		CB2703392978169600943540 /* Reducer */ = {
			isa = PBXGroup;
			children = (
				CB27033A2978169600943540 /* SimpleOptionalReducer.swift */,
			);
			path = Reducer;
			sourceTree = "<group>";
		};
		CB27033B2978169600943540 /* State */ = {
			isa = PBXGroup;
			children = (
				CB27033C2978169600943540 /* SimpleOptionalState.swift */,
			);
			path = State;
			sourceTree = "<group>";
		};
		CB27033D2978169600943540 /* Action */ = {
			isa = PBXGroup;
			children = (
				CB27033E2978169600943540 /* SimpleOptionalAction.swift */,
			);
			path = Action;
			sourceTree = "<group>";
		};
		CB27034F297816D000943540 /* View */ = {
			isa = PBXGroup;
			children = (
				CB2703542978173500943540 /* AlertAndSheetView.swift */,
			);
			path = View;
			sourceTree = "<group>";
		};
		CB270350297816D600943540 /* View */ = {
			isa = PBXGroup;
			children = (
				CB2703562978177300943540 /* FlexibleBindingsView.swift */,
			);
			path = View;
			sourceTree = "<group>";
		};
		CB270351297816DA00943540 /* View */ = {
			isa = PBXGroup;
			children = (
				CB2703582978179400943540 /* FocusStateView.swift */,
			);
			path = View;
			sourceTree = "<group>";
		};
		CB270352297816E200943540 /* View */ = {
			isa = PBXGroup;
			children = (
				CB27035A297817AA00943540 /* SimpleBindingsView.swift */,
			);
			path = View;
			sourceTree = "<group>";
		};
		CB270353297816E700943540 /* View */ = {
			isa = PBXGroup;
			children = (
				CB27035C297817D900943540 /* SimpleOptionalView.swift */,
			);
			path = View;
			sourceTree = "<group>";
		};
		CB27035E2979235600943540 /* Pre-Intermediate */ = {
			isa = PBXGroup;
			children = (
				CB27036D297931D900943540 /* EffectCancellation */,
				CB27035F2979235600943540 /* SimpleEffect */,
			);
			path = "Pre-Intermediate";
			sourceTree = "<group>";
		};
		CB27035F2979235600943540 /* SimpleEffect */ = {
			isa = PBXGroup;
			children = (
				CB2703692979239500943540 /* View */,
				CB2703602979235600943540 /* Reducer */,
				CB2703622979235600943540 /* State */,
				CB2703642979235600943540 /* Action */,
			);
			path = SimpleEffect;
			sourceTree = "<group>";
		};
		CB2703602979235600943540 /* Reducer */ = {
			isa = PBXGroup;
			children = (
				CB2703612979235600943540 /* SimpleEffectReducer.swift */,
			);
			path = Reducer;
			sourceTree = "<group>";
		};
		CB2703622979235600943540 /* State */ = {
			isa = PBXGroup;
			children = (
				CB2703632979235600943540 /* SimpleEffectState.swift */,
			);
			path = State;
			sourceTree = "<group>";
		};
		CB2703642979235600943540 /* Action */ = {
			isa = PBXGroup;
			children = (
				CB2703652979235600943540 /* SimpleEffectAction.swift */,
			);
			path = Action;
			sourceTree = "<group>";
		};
		CB2703692979239500943540 /* View */ = {
			isa = PBXGroup;
			children = (
				CB27036A297923E700943540 /* SimpleEffectView.swift */,
			);
			path = View;
			sourceTree = "<group>";
		};
		CB27036D297931D900943540 /* EffectCancellation */ = {
			isa = PBXGroup;
			children = (
				CB2703772979320400943540 /* View */,
				CB27036E297931D900943540 /* Reducer */,
				CB270370297931D900943540 /* State */,
				CB270372297931D900943540 /* Action */,
			);
			path = EffectCancellation;
			sourceTree = "<group>";
		};
		CB27036E297931D900943540 /* Reducer */ = {
			isa = PBXGroup;
			children = (
				CB27036F297931D900943540 /* EffectCancellationReducer.swift */,
			);
			path = Reducer;
			sourceTree = "<group>";
		};
		CB270370297931D900943540 /* State */ = {
			isa = PBXGroup;
			children = (
				CB270371297931D900943540 /* EffectCancellationState.swift */,
			);
			path = State;
			sourceTree = "<group>";
		};
		CB270372297931D900943540 /* Action */ = {
			isa = PBXGroup;
			children = (
				CB270373297931D900943540 /* EffectCancellationAction.swift */,
			);
			path = Action;
			sourceTree = "<group>";
		};
		CB2703772979320400943540 /* View */ = {
			isa = PBXGroup;
			children = (
				CB270378297932A300943540 /* EffectCancellationView.swift */,
			);
			path = View;
			sourceTree = "<group>";
		};
		DEBD8CEA29755F3700E6FE89 /* Frameworks */ = {
			isa = PBXGroup;
			children = (
			);
			name = Frameworks;
			sourceTree = "<group>";
		};
		DEBD8CF32975652F00E6FE89 /* Counter */ = {
			isa = PBXGroup;
			children = (
				DEBD8CF62975652F00E6FE89 /* Reducer */,
				DEBD8CF82975652F00E6FE89 /* State */,
				DEBD8CFA2975652F00E6FE89 /* Action */,
				DEBD8CFC2975652F00E6FE89 /* View */,
			);
			path = Counter;
			sourceTree = "<group>";
		};
		DEBD8CF62975652F00E6FE89 /* Reducer */ = {
			isa = PBXGroup;
			children = (
				DEBD8CF72975652F00E6FE89 /* CounterFeature.swift */,
			);
			path = Reducer;
			sourceTree = "<group>";
		};
		DEBD8CF82975652F00E6FE89 /* State */ = {
			isa = PBXGroup;
			children = (
				DEBD8CF92975652F00E6FE89 /* CounterState.swift */,
			);
			path = State;
			sourceTree = "<group>";
		};
		DEBD8CFA2975652F00E6FE89 /* Action */ = {
			isa = PBXGroup;
			children = (
				DEBD8CFB2975652F00E6FE89 /* CounterAction.swift */,
			);
			path = Action;
			sourceTree = "<group>";
		};
		DEBD8CFC2975652F00E6FE89 /* View */ = {
			isa = PBXGroup;
			children = (
				DEBD8CFD2975652F00E6FE89 /* StepperView.swift */,
				DEBD8CFE2975652F00E6FE89 /* CounterExampleView.swift */,
				DEBD8CFF2975652F00E6FE89 /* SimpleCounterView.swift */,
			);
			path = View;
			sourceTree = "<group>";
		};
		DEBD8D0A2975690500E6FE89 /* Main */ = {
			isa = PBXGroup;
			children = (
				DEBD8D0C2975690500E6FE89 /* Reducer */,
				DEBD8D0E2975690500E6FE89 /* State */,
				DEBD8D102975690500E6FE89 /* Action */,
				DEBD8D122975690500E6FE89 /* View */,
			);
			path = Main;
			sourceTree = "<group>";
		};
		DEBD8D0C2975690500E6FE89 /* Reducer */ = {
			isa = PBXGroup;
			children = (
				DEBD8D0D2975690500E6FE89 /* MainFeature.swift */,
			);
			path = Reducer;
			sourceTree = "<group>";
		};
		DEBD8D0E2975690500E6FE89 /* State */ = {
			isa = PBXGroup;
			children = (
				DEBD8D0F2975690500E6FE89 /* MainState.swift */,
			);
			path = State;
			sourceTree = "<group>";
		};
		DEBD8D102975690500E6FE89 /* Action */ = {
			isa = PBXGroup;
			children = (
				DEBD8D112975690500E6FE89 /* MainAction.swift */,
			);
			path = Action;
			sourceTree = "<group>";
		};
		DEBD8D122975690500E6FE89 /* View */ = {
			isa = PBXGroup;
			children = (
				DEBD8D2D2975697600E6FE89 /* MainView.swift */,
			);
			path = View;
			sourceTree = "<group>";
		};
		DEBD8D332975824000E6FE89 /* DoubleCounter */ = {
			isa = PBXGroup;
			children = (
				DEBD8D342975824000E6FE89 /* Reducer */,
				DEBD8D362975824000E6FE89 /* State */,
				DEBD8D382975824000E6FE89 /* Action */,
				DEBD8D3A2975824000E6FE89 /* View */,
			);
			path = DoubleCounter;
			sourceTree = "<group>";
		};
		DEBD8D342975824000E6FE89 /* Reducer */ = {
			isa = PBXGroup;
			children = (
				DEBD8D352975824000E6FE89 /* DoubleCounterFeature.swift */,
			);
			path = Reducer;
			sourceTree = "<group>";
		};
		DEBD8D362975824000E6FE89 /* State */ = {
			isa = PBXGroup;
			children = (
				DEBD8D372975824000E6FE89 /* DoubleCounterState.swift */,
			);
			path = State;
			sourceTree = "<group>";
		};
		DEBD8D382975824000E6FE89 /* Action */ = {
			isa = PBXGroup;
			children = (
				DEBD8D392975824000E6FE89 /* DoubleCounterAction.swift */,
			);
			path = Action;
			sourceTree = "<group>";
		};
		DEBD8D3A2975824000E6FE89 /* View */ = {
			isa = PBXGroup;
			children = (
				DEBD8D3E2975828300E6FE89 /* DoubleCounterView.swift */,
			);
			path = View;
			sourceTree = "<group>";
		};
		DEBD8D40297586EF00E6FE89 /* AnalyzableCounter */ = {
			isa = PBXGroup;
			children = (
				DEBD8D41297586EF00E6FE89 /* Reducer */,
				DEBD8D43297586EF00E6FE89 /* State */,
				DEBD8D45297586EF00E6FE89 /* Action */,
				DEBD8D47297586F000E6FE89 /* View */,
			);
			path = AnalyzableCounter;
			sourceTree = "<group>";
		};
		DEBD8D41297586EF00E6FE89 /* Reducer */ = {
			isa = PBXGroup;
			children = (
				DEBD8D42297586EF00E6FE89 /* AnalyzableCounterFeature.swift */,
			);
			path = Reducer;
			sourceTree = "<group>";
		};
		DEBD8D43297586EF00E6FE89 /* State */ = {
			isa = PBXGroup;
			children = (
				DEBD8D44297586EF00E6FE89 /* AnalyzableCounterState.swift */,
			);
			path = State;
			sourceTree = "<group>";
		};
		DEBD8D45297586EF00E6FE89 /* Action */ = {
			isa = PBXGroup;
			children = (
				DEBD8D46297586F000E6FE89 /* AnalyzableCounterAction.swift */,
			);
			path = Action;
			sourceTree = "<group>";
		};
		DEBD8D47297586F000E6FE89 /* View */ = {
			isa = PBXGroup;
			children = (
				DEBD8D4B2975870C00E6FE89 /* AnalyzableCounterView.swift */,
			);
			path = View;
			sourceTree = "<group>";
		};
		DEBD8D4D29758A6D00E6FE89 /* FibonacciCounter */ = {
			isa = PBXGroup;
			children = (
				DEBD8D4E29758A6D00E6FE89 /* Reducer */,
				DEBD8D5029758A6D00E6FE89 /* State */,
				DEBD8D5229758A6D00E6FE89 /* Action */,
				DEBD8D5429758A6D00E6FE89 /* View */,
			);
			path = FibonacciCounter;
			sourceTree = "<group>";
		};
		DEBD8D4E29758A6D00E6FE89 /* Reducer */ = {
			isa = PBXGroup;
			children = (
				DEBD8D4F29758A6D00E6FE89 /* FibonacciCounterFeature.swift */,
			);
			path = Reducer;
			sourceTree = "<group>";
		};
		DEBD8D5029758A6D00E6FE89 /* State */ = {
			isa = PBXGroup;
			children = (
				DEBD8D5129758A6D00E6FE89 /* FibonacciCounterState.swift */,
			);
			path = State;
			sourceTree = "<group>";
		};
		DEBD8D5229758A6D00E6FE89 /* Action */ = {
			isa = PBXGroup;
			children = (
				DEBD8D5329758A6D00E6FE89 /* FibonacciCounterAction.swift */,
			);
			path = Action;
			sourceTree = "<group>";
		};
		DEBD8D5429758A6D00E6FE89 /* View */ = {
			isa = PBXGroup;
			children = (
				DEBD8D5829758A9100E6FE89 /* FibonacciCounterView.swift */,
			);
			path = View;
			sourceTree = "<group>";
		};
		DEBD8D5A2975A43F00E6FE89 /* Scrambler */ = {
			isa = PBXGroup;
			children = (
				DEBD8D5B2975A43F00E6FE89 /* Reducer */,
				DEBD8D5D2975A43F00E6FE89 /* State */,
				DEBD8D5F2975A43F00E6FE89 /* Action */,
				DEBD8D612975A43F00E6FE89 /* View */,
			);
			path = Scrambler;
			sourceTree = "<group>";
		};
		DEBD8D5B2975A43F00E6FE89 /* Reducer */ = {
			isa = PBXGroup;
			children = (
				DEBD8D5C2975A43F00E6FE89 /* ScramblerFeature.swift */,
			);
			path = Reducer;
			sourceTree = "<group>";
		};
		DEBD8D5D2975A43F00E6FE89 /* State */ = {
			isa = PBXGroup;
			children = (
				DEBD8D5E2975A43F00E6FE89 /* ScramblerState.swift */,
			);
			path = State;
			sourceTree = "<group>";
		};
		DEBD8D5F2975A43F00E6FE89 /* Action */ = {
			isa = PBXGroup;
			children = (
				DEBD8D602975A43F00E6FE89 /* ScramblerAction.swift */,
			);
			path = Action;
			sourceTree = "<group>";
		};
		DEBD8D612975A43F00E6FE89 /* View */ = {
			isa = PBXGroup;
			children = (
				DEBD8D652975A46700E6FE89 /* ScramblerView.swift */,
			);
			path = View;
			sourceTree = "<group>";
		};
		DEEDB6F82970628200CB20F3 = {
			isa = PBXGroup;
			children = (
				DEEDB7032970628300CB20F3 /* tca-university-swiftui */,
				DEEDB7022970628300CB20F3 /* Products */,
				DEBD8CEA29755F3700E6FE89 /* Frameworks */,
			);
			sourceTree = "<group>";
		};
		DEEDB7022970628300CB20F3 /* Products */ = {
			isa = PBXGroup;
			children = (
				DEEDB7012970628300CB20F3 /* tca-university-swiftui.app */,
			);
			name = Products;
			sourceTree = "<group>";
		};
		DEEDB7032970628300CB20F3 /* tca-university-swiftui */ = {
			isa = PBXGroup;
			children = (
				CB27036C29792C6200943540 /* Info.plist */,
				DEEDB7042970628300CB20F3 /* TCAUniversitySwiftUIApp.swift */,
				DEEDB7062970628300CB20F3 /* ContentView.swift */,
				DEEDB80B297071D900CB20F3 /* ApplicationLayer */,
				DEEDB7B12970718800CB20F3 /* PresentationLayer */,
				DEEDB7422970708F00CB20F3 /* BusinessLayer */,
				DEEDB7362970707800CB20F3 /* CoreLayer */,
				DEEDB712297062F700CB20F3 /* Models */,
				DEEDB7082970628400CB20F3 /* Assets.xcassets */,
				DEEDB70A2970628400CB20F3 /* Preview Content */,
			);
			path = "tca-university-swiftui";
			sourceTree = "<group>";
		};
		DEEDB70A2970628400CB20F3 /* Preview Content */ = {
			isa = PBXGroup;
			children = (
				DEEDB70B2970628400CB20F3 /* Preview Assets.xcassets */,
			);
			path = "Preview Content";
			sourceTree = "<group>";
		};
		DEEDB712297062F700CB20F3 /* Models */ = {
			isa = PBXGroup;
			children = (
				DEEDB713297062F700CB20F3 /* Plain */,
			);
			name = Models;
			path = ../../SharedFiles/Models;
			sourceTree = "<group>";
		};
		DEEDB713297062F700CB20F3 /* Plain */ = {
			isa = PBXGroup;
			children = (
				DEEDB714297062F700CB20F3 /* Palette.swift */,
				DEEDB715297062F700CB20F3 /* User.swift */,
				DEEDB716297062F700CB20F3 /* Book.swift */,
				DEEDB717297062F700CB20F3 /* LoremPicsumImage.swift */,
				DEEDB718297062F700CB20F3 /* News.swift */,
			);
			path = Plain;
			sourceTree = "<group>";
		};
		DEEDB7362970707800CB20F3 /* CoreLayer */ = {
			isa = PBXGroup;
			children = (
				DEEDB7372970707800CB20F3 /* Extensions */,
			);
			name = CoreLayer;
			path = ../../SharedFiles/CoreLayer;
			sourceTree = "<group>";
		};
		DEEDB7372970707800CB20F3 /* Extensions */ = {
			isa = PBXGroup;
			children = (
				DEEDB7382970707800CB20F3 /* String.swift */,
			);
			path = Extensions;
			sourceTree = "<group>";
		};
		DEEDB7422970708F00CB20F3 /* BusinessLayer */ = {
			isa = PBXGroup;
			children = (
				DEEDB7432970708F00CB20F3 /* Services */,
			);
			name = BusinessLayer;
			path = ../../SharedFiles/BusinessLayer;
			sourceTree = "<group>";
		};
		DEEDB7432970708F00CB20F3 /* Services */ = {
			isa = PBXGroup;
			children = (
				DEEDB7442970708F00CB20F3 /* PaletteService */,
				DEEDB7472970708F00CB20F3 /* ImageService */,
				DEEDB74A2970708F00CB20F3 /* BookService */,
				DEEDB74D2970708F00CB20F3 /* ScrambleService */,
				DEEDB7502970708F00CB20F3 /* UserService */,
				DEEDB7532970708F00CB20F3 /* NewsService */,
				DEEDB7562970708F00CB20F3 /* NumberFactService */,
			);
			path = Services;
			sourceTree = "<group>";
		};
		DEEDB7442970708F00CB20F3 /* PaletteService */ = {
			isa = PBXGroup;
			children = (
				DEEDB7452970708F00CB20F3 /* PaletteServiceImplementation.swift */,
				DEEDB7462970708F00CB20F3 /* PaletteService.swift */,
			);
			path = PaletteService;
			sourceTree = "<group>";
		};
		DEEDB7472970708F00CB20F3 /* ImageService */ = {
			isa = PBXGroup;
			children = (
				DEEDB7482970708F00CB20F3 /* ImageService.swift */,
				DEEDB7492970708F00CB20F3 /* ImageServiceImplementation.swift */,
			);
			path = ImageService;
			sourceTree = "<group>";
		};
		DEEDB74A2970708F00CB20F3 /* BookService */ = {
			isa = PBXGroup;
			children = (
				DEEDB74B2970708F00CB20F3 /* BookService.swift */,
				DEEDB74C2970708F00CB20F3 /* BookServiceImplementation.swift */,
			);
			path = BookService;
			sourceTree = "<group>";
		};
		DEEDB74D2970708F00CB20F3 /* ScrambleService */ = {
			isa = PBXGroup;
			children = (
				DEEDB74E2970708F00CB20F3 /* ScrambleService.swift */,
				DEEDB74F2970708F00CB20F3 /* ScrambleServiceImplementation.swift */,
			);
			path = ScrambleService;
			sourceTree = "<group>";
		};
		DEEDB7502970708F00CB20F3 /* UserService */ = {
			isa = PBXGroup;
			children = (
				DEEDB7512970708F00CB20F3 /* UserService.swift */,
				DEEDB7522970708F00CB20F3 /* UserServiceImplementation.swift */,
			);
			path = UserService;
			sourceTree = "<group>";
		};
		DEEDB7532970708F00CB20F3 /* NewsService */ = {
			isa = PBXGroup;
			children = (
				DEEDB7542970708F00CB20F3 /* NewsServiceImplementation.swift */,
				DEEDB7552970708F00CB20F3 /* NewsService.swift */,
			);
			path = NewsService;
			sourceTree = "<group>";
		};
		DEEDB7562970708F00CB20F3 /* NumberFactService */ = {
			isa = PBXGroup;
			children = (
				DEEDB7572970708F00CB20F3 /* NumberFactService.swift */,
				DEEDB7582970708F00CB20F3 /* NumberFactServiceImplementation.swift */,
			);
			path = NumberFactService;
			sourceTree = "<group>";
		};
		DEEDB7B12970718800CB20F3 /* PresentationLayer */ = {
			isa = PBXGroup;
			children = (
				DEEDB7B22970718800CB20F3 /* Modifiers */,
				DEEDB7B42970718800CB20F3 /* Extensions */,
				DEEDB7B82970718800CB20F3 /* UserStories */,
				DEEDB7C22970718800CB20F3 /* Views */,
			);
			name = PresentationLayer;
			path = ../../SharedFiles/PresentationLayer;
			sourceTree = "<group>";
		};
		DEEDB7B22970718800CB20F3 /* Modifiers */ = {
			isa = PBXGroup;
			children = (
				DEEDB7B32970718800CB20F3 /* Unifont.swift */,
			);
			path = Modifiers;
			sourceTree = "<group>";
		};
		DEEDB7B42970718800CB20F3 /* Extensions */ = {
			isa = PBXGroup;
			children = (
				DEEDB7B52970718800CB20F3 /* CGFloat.swift */,
				DEEDB7B62970718800CB20F3 /* Text.swift */,
				DEEDB7B72970718800CB20F3 /* Color.swift */,
			);
			path = Extensions;
			sourceTree = "<group>";
		};
		DEEDB7B82970718800CB20F3 /* UserStories */ = {
			isa = PBXGroup;
			children = (
				DEBD8D0A2975690500E6FE89 /* Main */,
				DEEDB7C12970718800CB20F3 /* Elementary */,
				DEEDB7BE2970718800CB20F3 /* Beginner */,
				CB27035E2979235600943540 /* Pre-Intermediate */,
				DEEDB7B92970718800CB20F3 /* Advanced */,
				DEEDB7BB2970718800CB20F3 /* Upper-Intermediate */,
				DEEDB7BC2970718800CB20F3 /* Composable */,
				DEEDB7BF2970718800CB20F3 /* Intermediate */,
			);
			path = UserStories;
			sourceTree = "<group>";
		};
		DEEDB7B92970718800CB20F3 /* Advanced */ = {
			isa = PBXGroup;
			children = (
			);
			path = Advanced;
			sourceTree = "<group>";
		};
		DEEDB7BB2970718800CB20F3 /* Upper-Intermediate */ = {
			isa = PBXGroup;
			children = (
			);
			path = "Upper-Intermediate";
			sourceTree = "<group>";
		};
		DEEDB7BC2970718800CB20F3 /* Composable */ = {
			isa = PBXGroup;
			children = (
				DEEDB7BD2970718800CB20F3 /* Reducers */,
			);
			path = Composable;
			sourceTree = "<group>";
		};
		DEEDB7BD2970718800CB20F3 /* Reducers */ = {
			isa = PBXGroup;
			children = (
			);
			path = Reducers;
			sourceTree = "<group>";
		};
		DEEDB7BE2970718800CB20F3 /* Beginner */ = {
			isa = PBXGroup;
			children = (
				DEBD8D5A2975A43F00E6FE89 /* Scrambler */,
				DEBD8D4D29758A6D00E6FE89 /* FibonacciCounter */,
				DEBD8D40297586EF00E6FE89 /* AnalyzableCounter */,
				DEBD8D332975824000E6FE89 /* DoubleCounter */,
				DEBD8CF32975652F00E6FE89 /* Counter */,
			);
			path = Beginner;
			sourceTree = "<group>";
		};
		DEEDB7BF2970718800CB20F3 /* Intermediate */ = {
			isa = PBXGroup;
			children = (
			);
			path = Intermediate;
			sourceTree = "<group>";
		};
		DEEDB7C12970718800CB20F3 /* Elementary */ = {
			isa = PBXGroup;
			children = (
				CB2703312978169600943540 /* AlertAndSheet */,
				CB27031B2978169500943540 /* FlexibleBindings */,
				CB2703222978169600943540 /* FocusState */,
				CB2703292978169600943540 /* SimpleBindings */,
				CB2703382978169600943540 /* SimpleOptional */,
			);
			path = Elementary;
			sourceTree = "<group>";
		};
		DEEDB7C22970718800CB20F3 /* Views */ = {
			isa = PBXGroup;
			children = (
				DEEDB7C32970718800CB20F3 /* BlurView.swift */,
				DEEDB7C42970718800CB20F3 /* ActivityIndicator.swift */,
				DEEDB7C52970718800CB20F3 /* ProgressRingView.swift */,
				DEEDB7C62970718800CB20F3 /* UIViewRepresented.swift */,
			);
			path = Views;
			sourceTree = "<group>";
		};
		DEEDB80B297071D900CB20F3 /* ApplicationLayer */ = {
			isa = PBXGroup;
			children = (
			);
			name = ApplicationLayer;
			path = ../../SharedFiles/ApplicationLayer;
			sourceTree = "<group>";
		};
/* End PBXGroup section */

/* Begin PBXNativeTarget section */
		DEEDB7002970628300CB20F3 /* tca-university-swiftui */ = {
			isa = PBXNativeTarget;
			buildConfigurationList = DEEDB70F2970628400CB20F3 /* Build configuration list for PBXNativeTarget "tca-university-swiftui" */;
			buildPhases = (
				DEEDB6FD2970628300CB20F3 /* Sources */,
				DEEDB6FE2970628300CB20F3 /* Frameworks */,
				DEEDB6FF2970628300CB20F3 /* Resources */,
			);
			buildRules = (
			);
			dependencies = (
			);
			name = "tca-university-swiftui";
			packageProductDependencies = (
				DEBD8CEB29755F3700E6FE89 /* TCA */,
			);
			productName = "tca-university-swiftui";
			productReference = DEEDB7012970628300CB20F3 /* tca-university-swiftui.app */;
			productType = "com.apple.product-type.application";
		};
/* End PBXNativeTarget section */

/* Begin PBXProject section */
		DEEDB6F92970628200CB20F3 /* Project object */ = {
			isa = PBXProject;
			attributes = {
				BuildIndependentTargetsInParallel = 1;
				LastSwiftUpdateCheck = 1400;
				LastUpgradeCheck = 1400;
				TargetAttributes = {
					DEEDB7002970628300CB20F3 = {
						CreatedOnToolsVersion = 14.0.1;
					};
				};
			};
			buildConfigurationList = DEEDB6FC2970628200CB20F3 /* Build configuration list for PBXProject "tca-university-swiftui" */;
			compatibilityVersion = "Xcode 14.0";
			developmentRegion = en;
			hasScannedForEncodings = 0;
			knownRegions = (
				en,
				Base,
			);
			mainGroup = DEEDB6F82970628200CB20F3;
			productRefGroup = DEEDB7022970628300CB20F3 /* Products */;
			projectDirPath = "";
			projectRoot = "";
			targets = (
				DEEDB7002970628300CB20F3 /* tca-university-swiftui */,
			);
		};
/* End PBXProject section */

/* Begin PBXResourcesBuildPhase section */
		DEEDB6FF2970628300CB20F3 /* Resources */ = {
			isa = PBXResourcesBuildPhase;
			buildActionMask = 2147483647;
			files = (
				DEEDB70C2970628400CB20F3 /* Preview Assets.xcassets in Resources */,
				DEEDB7092970628400CB20F3 /* Assets.xcassets in Resources */,
			);
			runOnlyForDeploymentPostprocessing = 0;
		};
/* End PBXResourcesBuildPhase section */

/* Begin PBXSourcesBuildPhase section */
		DEEDB6FD2970628300CB20F3 /* Sources */ = {
			isa = PBXSourcesBuildPhase;
			buildActionMask = 2147483647;
			files = (
				CB270379297932A300943540 /* EffectCancellationView.swift in Sources */,
				DEBD8D062975652F00E6FE89 /* StepperView.swift in Sources */,
				DEBD8D5629758A6D00E6FE89 /* FibonacciCounterState.swift in Sources */,
				DEBD8D072975652F00E6FE89 /* CounterExampleView.swift in Sources */,
				DEBD8D48297586F000E6FE89 /* AnalyzableCounterFeature.swift in Sources */,
				DEEDB7C82970718800CB20F3 /* CGFloat.swift in Sources */,
				DEEDB71A297062F700CB20F3 /* User.swift in Sources */,
				CB2703682979235600943540 /* SimpleEffectAction.swift in Sources */,
				DEBD8D142975690500E6FE89 /* MainFeature.swift in Sources */,
				DEEDB7632970708F00CB20F3 /* NewsServiceImplementation.swift in Sources */,
				DEEDB75F2970708F00CB20F3 /* ScrambleService.swift in Sources */,
				DEEDB7CC2970718800CB20F3 /* ActivityIndicator.swift in Sources */,
				CB270375297931D900943540 /* EffectCancellationState.swift in Sources */,
				CB27034B2978169600943540 /* AlertAndSheetAction.swift in Sources */,
				DEEDB75A2970708F00CB20F3 /* PaletteService.swift in Sources */,
				DEBD8D622975A43F00E6FE89 /* ScramblerFeature.swift in Sources */,
				DEBD8D052975652F00E6FE89 /* CounterAction.swift in Sources */,
				CB27034A2978169600943540 /* AlertAndSheetState.swift in Sources */,
				CB2703472978169600943540 /* SimpleBindingsState.swift in Sources */,
				DEEDB7CB2970718800CB20F3 /* BlurView.swift in Sources */,
				DEBD8D042975652F00E6FE89 /* CounterState.swift in Sources */,
				DEEDB75C2970708F00CB20F3 /* ImageServiceImplementation.swift in Sources */,
				DEEDB7CE2970718800CB20F3 /* UIViewRepresented.swift in Sources */,
				DEEDB7C92970718800CB20F3 /* Text.swift in Sources */,
				DEBD8D4A297586F000E6FE89 /* AnalyzableCounterAction.swift in Sources */,
				DEBD8D5929758A9100E6FE89 /* FibonacciCounterView.swift in Sources */,
				DEEDB7622970708F00CB20F3 /* UserServiceImplementation.swift in Sources */,
				CB2703672979235600943540 /* SimpleEffectState.swift in Sources */,
				CB2703412978169600943540 /* FlexibleBindingsAction.swift in Sources */,
				DEBD8D032975652F00E6FE89 /* CounterFeature.swift in Sources */,
				DEEDB75D2970708F00CB20F3 /* BookService.swift in Sources */,
				CB2703452978169600943540 /* SimpleBindingsReducer.swift in Sources */,
				DEBD8D4C2975870C00E6FE89 /* AnalyzableCounterView.swift in Sources */,
				DEEDB719297062F700CB20F3 /* Palette.swift in Sources */,
				DEEDB7612970708F00CB20F3 /* UserService.swift in Sources */,
				DEBD8D5529758A6D00E6FE89 /* FibonacciCounterFeature.swift in Sources */,
				CB27035B297817AA00943540 /* SimpleBindingsView.swift in Sources */,
				DEBD8D3F2975828300E6FE89 /* DoubleCounterView.swift in Sources */,
				CB2703552978173500943540 /* AlertAndSheetView.swift in Sources */,
				CB2703432978169600943540 /* FocusStateState.swift in Sources */,
				DEBD8D152975690500E6FE89 /* MainState.swift in Sources */,
				DEBD8D5729758A6D00E6FE89 /* FibonacciCounterAction.swift in Sources */,
				CB27035D297817D900943540 /* SimpleOptionalView.swift in Sources */,
				DEBD8D49297586F000E6FE89 /* AnalyzableCounterState.swift in Sources */,
				DEEDB7072970628300CB20F3 /* ContentView.swift in Sources */,
				CB27034E2978169600943540 /* SimpleOptionalAction.swift in Sources */,
				DEEDB7642970708F00CB20F3 /* NewsService.swift in Sources */,
				DEEDB75E2970708F00CB20F3 /* BookServiceImplementation.swift in Sources */,
				DEEDB7592970708F00CB20F3 /* PaletteServiceImplementation.swift in Sources */,
				DEEDB71B297062F700CB20F3 /* Book.swift in Sources */,
				CB270376297931D900943540 /* EffectCancellationAction.swift in Sources */,
				DEEDB7652970708F00CB20F3 /* NumberFactService.swift in Sources */,
				CB2703482978169600943540 /* SimpleBindingsAction.swift in Sources */,
				DEBD8D3D2975824000E6FE89 /* DoubleCounterAction.swift in Sources */,
				CB27036B297923E700943540 /* SimpleEffectView.swift in Sources */,
				CB2703492978169600943540 /* AlertAndSheetReducer.swift in Sources */,
				CB2703402978169600943540 /* FlexibleBindingsState.swift in Sources */,
				DEEDB7CA2970718800CB20F3 /* Color.swift in Sources */,
				DEBD8D3B2975824000E6FE89 /* DoubleCounterFeature.swift in Sources */,
				DEEDB7CD2970718800CB20F3 /* ProgressRingView.swift in Sources */,
				DEBD8D162975690500E6FE89 /* MainAction.swift in Sources */,
				DEBD8D3C2975824000E6FE89 /* DoubleCounterState.swift in Sources */,
				CB2703662979235600943540 /* SimpleEffectReducer.swift in Sources */,
				CB27033F2978169600943540 /* FlexibleBindingsReducer.swift in Sources */,
				CB27034D2978169600943540 /* SimpleOptionalState.swift in Sources */,
				DEEDB71D297062F700CB20F3 /* News.swift in Sources */,
				DEBD8D662975A46700E6FE89 /* ScramblerView.swift in Sources */,
				DEEDB7C72970718800CB20F3 /* Unifont.swift in Sources */,
				DEEDB71C297062F700CB20F3 /* LoremPicsumImage.swift in Sources */,
				CB27034C2978169600943540 /* SimpleOptionalReducer.swift in Sources */,
				CB2703572978177300943540 /* FlexibleBindingsView.swift in Sources */,
				DEBD8D2E2975697600E6FE89 /* MainView.swift in Sources */,
				DEEDB75B2970708F00CB20F3 /* ImageService.swift in Sources */,
				DEEDB7662970708F00CB20F3 /* NumberFactServiceImplementation.swift in Sources */,
				CB2703422978169600943540 /* FocusStateReducer.swift in Sources */,
				DEBD8D632975A43F00E6FE89 /* ScramblerState.swift in Sources */,
				CB2703592978179400943540 /* FocusStateView.swift in Sources */,
				CB270374297931D900943540 /* EffectCancellationReducer.swift in Sources */,
				DEEDB7392970707800CB20F3 /* String.swift in Sources */,
				DEEDB7602970708F00CB20F3 /* ScrambleServiceImplementation.swift in Sources */,
				DEBD8D082975652F00E6FE89 /* SimpleCounterView.swift in Sources */,
				DEBD8D642975A43F00E6FE89 /* ScramblerAction.swift in Sources */,
				CB2703442978169600943540 /* FocusStateAction.swift in Sources */,
				DEEDB7052970628300CB20F3 /* TCAUniversitySwiftUIApp.swift in Sources */,
			);
			runOnlyForDeploymentPostprocessing = 0;
		};
/* End PBXSourcesBuildPhase section */

/* Begin XCBuildConfiguration section */
		DEEDB70D2970628400CB20F3 /* Debug */ = {
			isa = XCBuildConfiguration;
			buildSettings = {
				ALWAYS_SEARCH_USER_PATHS = NO;
				CLANG_ANALYZER_NONNULL = YES;
				CLANG_ANALYZER_NUMBER_OBJECT_CONVERSION = YES_AGGRESSIVE;
				CLANG_CXX_LANGUAGE_STANDARD = "gnu++20";
				CLANG_ENABLE_MODULES = YES;
				CLANG_ENABLE_OBJC_ARC = YES;
				CLANG_ENABLE_OBJC_WEAK = YES;
				CLANG_WARN_BLOCK_CAPTURE_AUTORELEASING = YES;
				CLANG_WARN_BOOL_CONVERSION = YES;
				CLANG_WARN_COMMA = YES;
				CLANG_WARN_CONSTANT_CONVERSION = YES;
				CLANG_WARN_DEPRECATED_OBJC_IMPLEMENTATIONS = YES;
				CLANG_WARN_DIRECT_OBJC_ISA_USAGE = YES_ERROR;
				CLANG_WARN_DOCUMENTATION_COMMENTS = YES;
				CLANG_WARN_EMPTY_BODY = YES;
				CLANG_WARN_ENUM_CONVERSION = YES;
				CLANG_WARN_INFINITE_RECURSION = YES;
				CLANG_WARN_INT_CONVERSION = YES;
				CLANG_WARN_NON_LITERAL_NULL_CONVERSION = YES;
				CLANG_WARN_OBJC_IMPLICIT_RETAIN_SELF = YES;
				CLANG_WARN_OBJC_LITERAL_CONVERSION = YES;
				CLANG_WARN_OBJC_ROOT_CLASS = YES_ERROR;
				CLANG_WARN_QUOTED_INCLUDE_IN_FRAMEWORK_HEADER = YES;
				CLANG_WARN_RANGE_LOOP_ANALYSIS = YES;
				CLANG_WARN_STRICT_PROTOTYPES = YES;
				CLANG_WARN_SUSPICIOUS_MOVE = YES;
				CLANG_WARN_UNGUARDED_AVAILABILITY = YES_AGGRESSIVE;
				CLANG_WARN_UNREACHABLE_CODE = YES;
				CLANG_WARN__DUPLICATE_METHOD_MATCH = YES;
				COPY_PHASE_STRIP = NO;
				DEBUG_INFORMATION_FORMAT = dwarf;
				ENABLE_STRICT_OBJC_MSGSEND = YES;
				ENABLE_TESTABILITY = YES;
				GCC_C_LANGUAGE_STANDARD = gnu11;
				GCC_DYNAMIC_NO_PIC = NO;
				GCC_NO_COMMON_BLOCKS = YES;
				GCC_OPTIMIZATION_LEVEL = 0;
				GCC_PREPROCESSOR_DEFINITIONS = (
					"DEBUG=1",
					"$(inherited)",
				);
				GCC_WARN_64_TO_32_BIT_CONVERSION = YES;
				GCC_WARN_ABOUT_RETURN_TYPE = YES_ERROR;
				GCC_WARN_UNDECLARED_SELECTOR = YES;
				GCC_WARN_UNINITIALIZED_AUTOS = YES_AGGRESSIVE;
				GCC_WARN_UNUSED_FUNCTION = YES;
				GCC_WARN_UNUSED_VARIABLE = YES;
				IPHONEOS_DEPLOYMENT_TARGET = 16.0;
				MTL_ENABLE_DEBUG_INFO = INCLUDE_SOURCE;
				MTL_FAST_MATH = YES;
				ONLY_ACTIVE_ARCH = YES;
				SDKROOT = iphoneos;
				SWIFT_ACTIVE_COMPILATION_CONDITIONS = DEBUG;
				SWIFT_OPTIMIZATION_LEVEL = "-Onone";
			};
			name = Debug;
		};
		DEEDB70E2970628400CB20F3 /* Release */ = {
			isa = XCBuildConfiguration;
			buildSettings = {
				ALWAYS_SEARCH_USER_PATHS = NO;
				CLANG_ANALYZER_NONNULL = YES;
				CLANG_ANALYZER_NUMBER_OBJECT_CONVERSION = YES_AGGRESSIVE;
				CLANG_CXX_LANGUAGE_STANDARD = "gnu++20";
				CLANG_ENABLE_MODULES = YES;
				CLANG_ENABLE_OBJC_ARC = YES;
				CLANG_ENABLE_OBJC_WEAK = YES;
				CLANG_WARN_BLOCK_CAPTURE_AUTORELEASING = YES;
				CLANG_WARN_BOOL_CONVERSION = YES;
				CLANG_WARN_COMMA = YES;
				CLANG_WARN_CONSTANT_CONVERSION = YES;
				CLANG_WARN_DEPRECATED_OBJC_IMPLEMENTATIONS = YES;
				CLANG_WARN_DIRECT_OBJC_ISA_USAGE = YES_ERROR;
				CLANG_WARN_DOCUMENTATION_COMMENTS = YES;
				CLANG_WARN_EMPTY_BODY = YES;
				CLANG_WARN_ENUM_CONVERSION = YES;
				CLANG_WARN_INFINITE_RECURSION = YES;
				CLANG_WARN_INT_CONVERSION = YES;
				CLANG_WARN_NON_LITERAL_NULL_CONVERSION = YES;
				CLANG_WARN_OBJC_IMPLICIT_RETAIN_SELF = YES;
				CLANG_WARN_OBJC_LITERAL_CONVERSION = YES;
				CLANG_WARN_OBJC_ROOT_CLASS = YES_ERROR;
				CLANG_WARN_QUOTED_INCLUDE_IN_FRAMEWORK_HEADER = YES;
				CLANG_WARN_RANGE_LOOP_ANALYSIS = YES;
				CLANG_WARN_STRICT_PROTOTYPES = YES;
				CLANG_WARN_SUSPICIOUS_MOVE = YES;
				CLANG_WARN_UNGUARDED_AVAILABILITY = YES_AGGRESSIVE;
				CLANG_WARN_UNREACHABLE_CODE = YES;
				CLANG_WARN__DUPLICATE_METHOD_MATCH = YES;
				COPY_PHASE_STRIP = NO;
				DEBUG_INFORMATION_FORMAT = "dwarf-with-dsym";
				ENABLE_NS_ASSERTIONS = NO;
				ENABLE_STRICT_OBJC_MSGSEND = YES;
				GCC_C_LANGUAGE_STANDARD = gnu11;
				GCC_NO_COMMON_BLOCKS = YES;
				GCC_WARN_64_TO_32_BIT_CONVERSION = YES;
				GCC_WARN_ABOUT_RETURN_TYPE = YES_ERROR;
				GCC_WARN_UNDECLARED_SELECTOR = YES;
				GCC_WARN_UNINITIALIZED_AUTOS = YES_AGGRESSIVE;
				GCC_WARN_UNUSED_FUNCTION = YES;
				GCC_WARN_UNUSED_VARIABLE = YES;
				IPHONEOS_DEPLOYMENT_TARGET = 16.0;
				MTL_ENABLE_DEBUG_INFO = NO;
				MTL_FAST_MATH = YES;
				SDKROOT = iphoneos;
				SWIFT_COMPILATION_MODE = wholemodule;
				SWIFT_OPTIMIZATION_LEVEL = "-O";
				VALIDATE_PRODUCT = YES;
			};
			name = Release;
		};
		DEEDB7102970628400CB20F3 /* Debug */ = {
			isa = XCBuildConfiguration;
			buildSettings = {
				ASSETCATALOG_COMPILER_APPICON_NAME = AppIcon;
				ASSETCATALOG_COMPILER_GLOBAL_ACCENT_COLOR_NAME = AccentColor;
				CODE_SIGN_STYLE = Automatic;
				CURRENT_PROJECT_VERSION = 1;
				DEVELOPMENT_ASSET_PATHS = "\"tca-university-swiftui/Preview Content\"";
				DEVELOPMENT_TEAM = HFD95R9VP2;
				ENABLE_PREVIEWS = YES;
				GENERATE_INFOPLIST_FILE = YES;
				INFOPLIST_FILE = "tca-university-swiftui/Info.plist";
				INFOPLIST_KEY_UIApplicationSceneManifest_Generation = YES;
				INFOPLIST_KEY_UIApplicationSupportsIndirectInputEvents = YES;
				INFOPLIST_KEY_UILaunchScreen_Generation = YES;
				INFOPLIST_KEY_UISupportedInterfaceOrientations_iPad = "UIInterfaceOrientationPortrait UIInterfaceOrientationPortraitUpsideDown UIInterfaceOrientationLandscapeLeft UIInterfaceOrientationLandscapeRight";
				INFOPLIST_KEY_UISupportedInterfaceOrientations_iPhone = "UIInterfaceOrientationPortrait UIInterfaceOrientationLandscapeLeft UIInterfaceOrientationLandscapeRight";
				LD_RUNPATH_SEARCH_PATHS = (
					"$(inherited)",
					"@executable_path/Frameworks",
				);
				MARKETING_VERSION = 1.0;
				PRODUCT_BUNDLE_IDENTIFIER = "com.incetro.swiftui-tca-university.tca-university-swiftui";
				PRODUCT_NAME = "$(TARGET_NAME)";
				SWIFT_EMIT_LOC_STRINGS = YES;
				SWIFT_VERSION = 5.0;
				TARGETED_DEVICE_FAMILY = "1,2";
			};
			name = Debug;
		};
		DEEDB7112970628400CB20F3 /* Release */ = {
			isa = XCBuildConfiguration;
			buildSettings = {
				ASSETCATALOG_COMPILER_APPICON_NAME = AppIcon;
				ASSETCATALOG_COMPILER_GLOBAL_ACCENT_COLOR_NAME = AccentColor;
				CODE_SIGN_STYLE = Automatic;
				CURRENT_PROJECT_VERSION = 1;
				DEVELOPMENT_ASSET_PATHS = "\"tca-university-swiftui/Preview Content\"";
				DEVELOPMENT_TEAM = HFD95R9VP2;
				ENABLE_PREVIEWS = YES;
				GENERATE_INFOPLIST_FILE = YES;
				INFOPLIST_FILE = "tca-university-swiftui/Info.plist";
				INFOPLIST_KEY_UIApplicationSceneManifest_Generation = YES;
				INFOPLIST_KEY_UIApplicationSupportsIndirectInputEvents = YES;
				INFOPLIST_KEY_UILaunchScreen_Generation = YES;
				INFOPLIST_KEY_UISupportedInterfaceOrientations_iPad = "UIInterfaceOrientationPortrait UIInterfaceOrientationPortraitUpsideDown UIInterfaceOrientationLandscapeLeft UIInterfaceOrientationLandscapeRight";
				INFOPLIST_KEY_UISupportedInterfaceOrientations_iPhone = "UIInterfaceOrientationPortrait UIInterfaceOrientationLandscapeLeft UIInterfaceOrientationLandscapeRight";
				LD_RUNPATH_SEARCH_PATHS = (
					"$(inherited)",
					"@executable_path/Frameworks",
				);
				MARKETING_VERSION = 1.0;
				PRODUCT_BUNDLE_IDENTIFIER = "com.incetro.swiftui-tca-university.tca-university-swiftui";
				PRODUCT_NAME = "$(TARGET_NAME)";
				SWIFT_EMIT_LOC_STRINGS = YES;
				SWIFT_VERSION = 5.0;
				TARGETED_DEVICE_FAMILY = "1,2";
			};
			name = Release;
		};
/* End XCBuildConfiguration section */

/* Begin XCConfigurationList section */
		DEEDB6FC2970628200CB20F3 /* Build configuration list for PBXProject "tca-university-swiftui" */ = {
			isa = XCConfigurationList;
			buildConfigurations = (
				DEEDB70D2970628400CB20F3 /* Debug */,
				DEEDB70E2970628400CB20F3 /* Release */,
			);
			defaultConfigurationIsVisible = 0;
			defaultConfigurationName = Release;
		};
		DEEDB70F2970628400CB20F3 /* Build configuration list for PBXNativeTarget "tca-university-swiftui" */ = {
			isa = XCConfigurationList;
			buildConfigurations = (
				DEEDB7102970628400CB20F3 /* Debug */,
				DEEDB7112970628400CB20F3 /* Release */,
			);
			defaultConfigurationIsVisible = 0;
			defaultConfigurationName = Release;
		};
/* End XCConfigurationList section */

/* Begin XCSwiftPackageProductDependency section */
		DEBD8CEB29755F3700E6FE89 /* TCA */ = {
			isa = XCSwiftPackageProductDependency;
			productName = TCA;
		};
/* End XCSwiftPackageProductDependency section */
	};
	rootObject = DEEDB6F92970628200CB20F3 /* Project object */;
}
